// !$*UTF8*$!
{
	archiveVersion = 1;
	classes = {
	};
	objectVersion = 46;
	objects = {

/* Begin PBXBuildFile section */
		4295A7251F32D1D800B26AEA /* Model.xcdatamodeld in Sources */ = {isa = PBXBuildFile; fileRef = 4295A7231F32D1D800B26AEA /* Model.xcdatamodeld */; };
		4295A7271F33077700B26AEA /* HistoricalEvent.plist in Resources */ = {isa = PBXBuildFile; fileRef = 4295A7261F33077700B26AEA /* HistoricalEvent.plist */; };
		42CFC4C91F2C935C0045ABB8 /* AppDelegate.swift in Sources */ = {isa = PBXBuildFile; fileRef = 42CFC4C81F2C935C0045ABB8 /* AppDelegate.swift */; };
		42CFC4CB1F2C935C0045ABB8 /* ViewController.swift in Sources */ = {isa = PBXBuildFile; fileRef = 42CFC4CA1F2C935C0045ABB8 /* ViewController.swift */; };
		42CFC4CE1F2C935C0045ABB8 /* Main.storyboard in Resources */ = {isa = PBXBuildFile; fileRef = 42CFC4CC1F2C935C0045ABB8 /* Main.storyboard */; };
		42CFC4D01F2C935C0045ABB8 /* Assets.xcassets in Resources */ = {isa = PBXBuildFile; fileRef = 42CFC4CF1F2C935C0045ABB8 /* Assets.xcassets */; };
		42CFC4DE1F2C935C0045ABB8 /* BoutTimeTests.swift in Sources */ = {isa = PBXBuildFile; fileRef = 42CFC4DD1F2C935C0045ABB8 /* BoutTimeTests.swift */; };
		42CFC4E91F2C935C0045ABB8 /* BoutTimeUITests.swift in Sources */ = {isa = PBXBuildFile; fileRef = 42CFC4E81F2C935C0045ABB8 /* BoutTimeUITests.swift */; };
		42CFC4F71F2ECE910045ABB8 /* HistoricalEvent.swift in Sources */ = {isa = PBXBuildFile; fileRef = 42CFC4F61F2ECE910045ABB8 /* HistoricalEvent.swift */; };
		42CFC4F91F2F10C30045ABB8 /* Game.swift in Sources */ = {isa = PBXBuildFile; fileRef = 42CFC4F81F2F10C30045ABB8 /* Game.swift */; };
		42CFC4FB1F2F2C810045ABB8 /* Data.swift in Sources */ = {isa = PBXBuildFile; fileRef = 42CFC4FA1F2F2C810045ABB8 /* Data.swift */; };
/* End PBXBuildFile section */

/* Begin PBXContainerItemProxy section */
		42CFC4DA1F2C935C0045ABB8 /* PBXContainerItemProxy */ = {
			isa = PBXContainerItemProxy;
			containerPortal = 42CFC4BD1F2C935C0045ABB8 /* Project object */;
			proxyType = 1;
			remoteGlobalIDString = 42CFC4C41F2C935C0045ABB8;
			remoteInfo = BoutTime;
		};
		42CFC4E51F2C935C0045ABB8 /* PBXContainerItemProxy */ = {
			isa = PBXContainerItemProxy;
			containerPortal = 42CFC4BD1F2C935C0045ABB8 /* Project object */;
			proxyType = 1;
			remoteGlobalIDString = 42CFC4C41F2C935C0045ABB8;
			remoteInfo = BoutTime;
		};
/* End PBXContainerItemProxy section */

/* Begin PBXFileReference section */
		4295A7241F32D1D800B26AEA /* Model.xcdatamodel */ = {isa = PBXFileReference; lastKnownFileType = wrapper.xcdatamodel; path = Model.xcdatamodel; sourceTree = "<group>"; };
		4295A7261F33077700B26AEA /* HistoricalEvent.plist */ = {isa = PBXFileReference; fileEncoding = 4; lastKnownFileType = text.plist.xml; path = HistoricalEvent.plist; sourceTree = "<group>"; };
		42CFC4C51F2C935C0045ABB8 /* BoutTime.app */ = {isa = PBXFileReference; explicitFileType = wrapper.application; includeInIndex = 0; path = BoutTime.app; sourceTree = BUILT_PRODUCTS_DIR; };
		42CFC4C81F2C935C0045ABB8 /* AppDelegate.swift */ = {isa = PBXFileReference; lastKnownFileType = sourcecode.swift; path = AppDelegate.swift; sourceTree = "<group>"; };
		42CFC4CA1F2C935C0045ABB8 /* ViewController.swift */ = {isa = PBXFileReference; lastKnownFileType = sourcecode.swift; path = ViewController.swift; sourceTree = "<group>"; };
		42CFC4CD1F2C935C0045ABB8 /* Base */ = {isa = PBXFileReference; lastKnownFileType = file.storyboard; name = Base; path = Base.lproj/Main.storyboard; sourceTree = "<group>"; };
		42CFC4CF1F2C935C0045ABB8 /* Assets.xcassets */ = {isa = PBXFileReference; lastKnownFileType = folder.assetcatalog; path = Assets.xcassets; sourceTree = "<group>"; };
		42CFC4D41F2C935C0045ABB8 /* Info.plist */ = {isa = PBXFileReference; lastKnownFileType = text.plist.xml; path = Info.plist; sourceTree = "<group>"; };
		42CFC4D91F2C935C0045ABB8 /* BoutTimeTests.xctest */ = {isa = PBXFileReference; explicitFileType = wrapper.cfbundle; includeInIndex = 0; path = BoutTimeTests.xctest; sourceTree = BUILT_PRODUCTS_DIR; };
		42CFC4DD1F2C935C0045ABB8 /* BoutTimeTests.swift */ = {isa = PBXFileReference; lastKnownFileType = sourcecode.swift; path = BoutTimeTests.swift; sourceTree = "<group>"; };
		42CFC4DF1F2C935C0045ABB8 /* Info.plist */ = {isa = PBXFileReference; lastKnownFileType = text.plist.xml; path = Info.plist; sourceTree = "<group>"; };
		42CFC4E41F2C935C0045ABB8 /* BoutTimeUITests.xctest */ = {isa = PBXFileReference; explicitFileType = wrapper.cfbundle; includeInIndex = 0; path = BoutTimeUITests.xctest; sourceTree = BUILT_PRODUCTS_DIR; };
		42CFC4E81F2C935C0045ABB8 /* BoutTimeUITests.swift */ = {isa = PBXFileReference; lastKnownFileType = sourcecode.swift; path = BoutTimeUITests.swift; sourceTree = "<group>"; };
		42CFC4EA1F2C935C0045ABB8 /* Info.plist */ = {isa = PBXFileReference; lastKnownFileType = text.plist.xml; path = Info.plist; sourceTree = "<group>"; };
		42CFC4F61F2ECE910045ABB8 /* HistoricalEvent.swift */ = {isa = PBXFileReference; fileEncoding = 4; lastKnownFileType = sourcecode.swift; path = HistoricalEvent.swift; sourceTree = "<group>"; };
		42CFC4F81F2F10C30045ABB8 /* Game.swift */ = {isa = PBXFileReference; fileEncoding = 4; lastKnownFileType = sourcecode.swift; path = Game.swift; sourceTree = "<group>"; };
		42CFC4FA1F2F2C810045ABB8 /* Data.swift */ = {isa = PBXFileReference; fileEncoding = 4; lastKnownFileType = sourcecode.swift; path = Data.swift; sourceTree = "<group>"; };
/* End PBXFileReference section */

/* Begin PBXFrameworksBuildPhase section */
		42CFC4C21F2C935C0045ABB8 /* Frameworks */ = {
			isa = PBXFrameworksBuildPhase;
			buildActionMask = 2147483647;
			files = (
			);
			runOnlyForDeploymentPostprocessing = 0;
		};
		42CFC4D61F2C935C0045ABB8 /* Frameworks */ = {
			isa = PBXFrameworksBuildPhase;
			buildActionMask = 2147483647;
			files = (
			);
			runOnlyForDeploymentPostprocessing = 0;
		};
		42CFC4E11F2C935C0045ABB8 /* Frameworks */ = {
			isa = PBXFrameworksBuildPhase;
			buildActionMask = 2147483647;
			files = (
			);
			runOnlyForDeploymentPostprocessing = 0;
		};
/* End PBXFrameworksBuildPhase section */

/* Begin PBXGroup section */
		42CFC4BC1F2C935C0045ABB8 = {
			isa = PBXGroup;
			children = (
				42CFC4C71F2C935C0045ABB8 /* BoutTime */,
				42CFC4DC1F2C935C0045ABB8 /* BoutTimeTests */,
				42CFC4E71F2C935C0045ABB8 /* BoutTimeUITests */,
				42CFC4C61F2C935C0045ABB8 /* Products */,
			);
			sourceTree = "<group>";
		};
		42CFC4C61F2C935C0045ABB8 /* Products */ = {
			isa = PBXGroup;
			children = (
				42CFC4C51F2C935C0045ABB8 /* BoutTime.app */,
				42CFC4D91F2C935C0045ABB8 /* BoutTimeTests.xctest */,
				42CFC4E41F2C935C0045ABB8 /* BoutTimeUITests.xctest */,
			);
			name = Products;
			sourceTree = "<group>";
		};
		42CFC4C71F2C935C0045ABB8 /* BoutTime */ = {
			isa = PBXGroup;
			children = (
				42CFC4C81F2C935C0045ABB8 /* AppDelegate.swift */,
				4295A7231F32D1D800B26AEA /* Model.xcdatamodeld */,
				4295A7261F33077700B26AEA /* HistoricalEvent.plist */,
				42CFC4CA1F2C935C0045ABB8 /* ViewController.swift */,
				42CFC4F81F2F10C30045ABB8 /* Game.swift */,
				42CFC4FA1F2F2C810045ABB8 /* Data.swift */,
				42CFC4F61F2ECE910045ABB8 /* HistoricalEvent.swift */,
				42CFC4CC1F2C935C0045ABB8 /* Main.storyboard */,
				42CFC4CF1F2C935C0045ABB8 /* Assets.xcassets */,
				42CFC4D41F2C935C0045ABB8 /* Info.plist */,
			);
			path = BoutTime;
			sourceTree = "<group>";
		};
		42CFC4DC1F2C935C0045ABB8 /* BoutTimeTests */ = {
			isa = PBXGroup;
			children = (
				42CFC4DD1F2C935C0045ABB8 /* BoutTimeTests.swift */,
				42CFC4DF1F2C935C0045ABB8 /* Info.plist */,
			);
			path = BoutTimeTests;
			sourceTree = "<group>";
		};
		42CFC4E71F2C935C0045ABB8 /* BoutTimeUITests */ = {
			isa = PBXGroup;
			children = (
				42CFC4E81F2C935C0045ABB8 /* BoutTimeUITests.swift */,
				42CFC4EA1F2C935C0045ABB8 /* Info.plist */,
			);
			path = BoutTimeUITests;
			sourceTree = "<group>";
		};
/* End PBXGroup section */

/* Begin PBXNativeTarget section */
		42CFC4C41F2C935C0045ABB8 /* BoutTime */ = {
			isa = PBXNativeTarget;
			buildConfigurationList = 42CFC4ED1F2C935C0045ABB8 /* Build configuration list for PBXNativeTarget "BoutTime" */;
			buildPhases = (
				42CFC4C11F2C935C0045ABB8 /* Sources */,
				42CFC4C21F2C935C0045ABB8 /* Frameworks */,
				42CFC4C31F2C935C0045ABB8 /* Resources */,
			);
			buildRules = (
			);
			dependencies = (
			);
			name = BoutTime;
			productName = BoutTime;
			productReference = 42CFC4C51F2C935C0045ABB8 /* BoutTime.app */;
			productType = "com.apple.product-type.application";
		};
		42CFC4D81F2C935C0045ABB8 /* BoutTimeTests */ = {
			isa = PBXNativeTarget;
			buildConfigurationList = 42CFC4F01F2C935C0045ABB8 /* Build configuration list for PBXNativeTarget "BoutTimeTests" */;
			buildPhases = (
				42CFC4D51F2C935C0045ABB8 /* Sources */,
				42CFC4D61F2C935C0045ABB8 /* Frameworks */,
				42CFC4D71F2C935C0045ABB8 /* Resources */,
			);
			buildRules = (
			);
			dependencies = (
				42CFC4DB1F2C935C0045ABB8 /* PBXTargetDependency */,
			);
			name = BoutTimeTests;
			productName = BoutTimeTests;
			productReference = 42CFC4D91F2C935C0045ABB8 /* BoutTimeTests.xctest */;
			productType = "com.apple.product-type.bundle.unit-test";
		};
		42CFC4E31F2C935C0045ABB8 /* BoutTimeUITests */ = {
			isa = PBXNativeTarget;
			buildConfigurationList = 42CFC4F31F2C935C0045ABB8 /* Build configuration list for PBXNativeTarget "BoutTimeUITests" */;
			buildPhases = (
				42CFC4E01F2C935C0045ABB8 /* Sources */,
				42CFC4E11F2C935C0045ABB8 /* Frameworks */,
				42CFC4E21F2C935C0045ABB8 /* Resources */,
			);
			buildRules = (
			);
			dependencies = (
				42CFC4E61F2C935C0045ABB8 /* PBXTargetDependency */,
			);
			name = BoutTimeUITests;
			productName = BoutTimeUITests;
			productReference = 42CFC4E41F2C935C0045ABB8 /* BoutTimeUITests.xctest */;
			productType = "com.apple.product-type.bundle.ui-testing";
		};
/* End PBXNativeTarget section */

/* Begin PBXProject section */
		42CFC4BD1F2C935C0045ABB8 /* Project object */ = {
			isa = PBXProject;
			attributes = {
				LastSwiftUpdateCheck = 0820;
				LastUpgradeCheck = 0820;
				ORGANIZATIONNAME = Yuhanli;
				TargetAttributes = {
					42CFC4C41F2C935C0045ABB8 = {
						CreatedOnToolsVersion = 8.2.1;
						DevelopmentTeam = ZZ4GD33LC4;
						ProvisioningStyle = Automatic;
					};
					42CFC4D81F2C935C0045ABB8 = {
						CreatedOnToolsVersion = 8.2.1;
						ProvisioningStyle = Automatic;
						TestTargetID = 42CFC4C41F2C935C0045ABB8;
					};
					42CFC4E31F2C935C0045ABB8 = {
						CreatedOnToolsVersion = 8.2.1;
						ProvisioningStyle = Automatic;
						TestTargetID = 42CFC4C41F2C935C0045ABB8;
					};
				};
			};
			buildConfigurationList = 42CFC4C01F2C935C0045ABB8 /* Build configuration list for PBXProject "BoutTime" */;
			compatibilityVersion = "Xcode 3.2";
			developmentRegion = English;
			hasScannedForEncodings = 0;
			knownRegions = (
				en,
				Base,
			);
			mainGroup = 42CFC4BC1F2C935C0045ABB8;
			productRefGroup = 42CFC4C61F2C935C0045ABB8 /* Products */;
			projectDirPath = "";
			projectRoot = "";
			targets = (
				42CFC4C41F2C935C0045ABB8 /* BoutTime */,
				42CFC4D81F2C935C0045ABB8 /* BoutTimeTests */,
				42CFC4E31F2C935C0045ABB8 /* BoutTimeUITests */,
			);
		};
/* End PBXProject section */

/* Begin PBXResourcesBuildPhase section */
		42CFC4C31F2C935C0045ABB8 /* Resources */ = {
			isa = PBXResourcesBuildPhase;
			buildActionMask = 2147483647;
			files = (
				4295A7271F33077700B26AEA /* HistoricalEvent.plist in Resources */,
				42CFC4D01F2C935C0045ABB8 /* Assets.xcassets in Resources */,
				42CFC4CE1F2C935C0045ABB8 /* Main.storyboard in Resources */,
			);
			runOnlyForDeploymentPostprocessing = 0;
		};
		42CFC4D71F2C935C0045ABB8 /* Resources */ = {
			isa = PBXResourcesBuildPhase;
			buildActionMask = 2147483647;
			files = (
			);
			runOnlyForDeploymentPostprocessing = 0;
		};
		42CFC4E21F2C935C0045ABB8 /* Resources */ = {
			isa = PBXResourcesBuildPhase;
			buildActionMask = 2147483647;
			files = (
			);
			runOnlyForDeploymentPostprocessing = 0;
		};
/* End PBXResourcesBuildPhase section */

/* Begin PBXSourcesBuildPhase section */
		42CFC4C11F2C935C0045ABB8 /* Sources */ = {
			isa = PBXSourcesBuildPhase;
			buildActionMask = 2147483647;
			files = (
				42CFC4CB1F2C935C0045ABB8 /* ViewController.swift in Sources */,
				42CFC4F71F2ECE910045ABB8 /* HistoricalEvent.swift in Sources */,
				42CFC4C91F2C935C0045ABB8 /* AppDelegate.swift in Sources */,
				42CFC4FB1F2F2C810045ABB8 /* Data.swift in Sources */,
				42CFC4F91F2F10C30045ABB8 /* Game.swift in Sources */,
				4295A7251F32D1D800B26AEA /* Model.xcdatamodeld in Sources */,
			);
			runOnlyForDeploymentPostprocessing = 0;
		};
		42CFC4D51F2C935C0045ABB8 /* Sources */ = {
			isa = PBXSourcesBuildPhase;
			buildActionMask = 2147483647;
			files = (
				42CFC4DE1F2C935C0045ABB8 /* BoutTimeTests.swift in Sources */,
			);
			runOnlyForDeploymentPostprocessing = 0;
		};
		42CFC4E01F2C935C0045ABB8 /* Sources */ = {
			isa = PBXSourcesBuildPhase;
			buildActionMask = 2147483647;
			files = (
				42CFC4E91F2C935C0045ABB8 /* BoutTimeUITests.swift in Sources */,
			);
			runOnlyForDeploymentPostprocessing = 0;
		};
/* End PBXSourcesBuildPhase section */

/* Begin PBXTargetDependency section */
		42CFC4DB1F2C935C0045ABB8 /* PBXTargetDependency */ = {
			isa = PBXTargetDependency;
			target = 42CFC4C41F2C935C0045ABB8 /* BoutTime */;
			targetProxy = 42CFC4DA1F2C935C0045ABB8 /* PBXContainerItemProxy */;
		};
		42CFC4E61F2C935C0045ABB8 /* PBXTargetDependency */ = {
			isa = PBXTargetDependency;
			target = 42CFC4C41F2C935C0045ABB8 /* BoutTime */;
			targetProxy = 42CFC4E51F2C935C0045ABB8 /* PBXContainerItemProxy */;
		};
/* End PBXTargetDependency section */

/* Begin PBXVariantGroup section */
		42CFC4CC1F2C935C0045ABB8 /* Main.storyboard */ = {
			isa = PBXVariantGroup;
			children = (
				42CFC4CD1F2C935C0045ABB8 /* Base */,
			);
			name = Main.storyboard;
			sourceTree = "<group>";
		};
/* End PBXVariantGroup section */

/* Begin XCBuildConfiguration section */
		42CFC4EB1F2C935C0045ABB8 /* Debug */ = {
			isa = XCBuildConfiguration;
			buildSettings = {
				ALWAYS_SEARCH_USER_PATHS = NO;
				CLANG_ANALYZER_NONNULL = YES;
				CLANG_CXX_LANGUAGE_STANDARD = "gnu++0x";
				CLANG_CXX_LIBRARY = "libc++";
				CLANG_ENABLE_MODULES = YES;
				CLANG_ENABLE_OBJC_ARC = YES;
				CLANG_WARN_BOOL_CONVERSION = YES;
				CLANG_WARN_CONSTANT_CONVERSION = YES;
				CLANG_WARN_DIRECT_OBJC_ISA_USAGE = YES_ERROR;
				CLANG_WARN_DOCUMENTATION_COMMENTS = YES;
				CLANG_WARN_EMPTY_BODY = YES;
				CLANG_WARN_ENUM_CONVERSION = YES;
				CLANG_WARN_INFINITE_RECURSION = YES;
				CLANG_WARN_INT_CONVERSION = YES;
				CLANG_WARN_OBJC_ROOT_CLASS = YES_ERROR;
				CLANG_WARN_SUSPICIOUS_MOVE = YES;
				CLANG_WARN_UNREACHABLE_CODE = YES;
				CLANG_WARN__DUPLICATE_METHOD_MATCH = YES;
				"CODE_SIGN_IDENTITY[sdk=iphoneos*]" = "iPhone Developer";
				COPY_PHASE_STRIP = NO;
				DEBUG_INFORMATION_FORMAT = dwarf;
				ENABLE_STRICT_OBJC_MSGSEND = YES;
				ENABLE_TESTABILITY = YES;
				GCC_C_LANGUAGE_STANDARD = gnu99;
				GCC_DYNAMIC_NO_PIC = NO;
				GCC_NO_COMMON_BLOCKS = YES;
				GCC_OPTIMIZATION_LEVEL = 0;
				GCC_PREPROCESSOR_DEFINITIONS = (
					"DEBUG=1",
					"$(inherited)",
				);
				GCC_WARN_64_TO_32_BIT_CONVERSION = YES;
				GCC_WARN_ABOUT_RETURN_TYPE = YES_ERROR;
				GCC_WARN_UNDECLARED_SELECTOR = YES;
				GCC_WARN_UNINITIALIZED_AUTOS = YES_AGGRESSIVE;
				GCC_WARN_UNUSED_FUNCTION = YES;
				GCC_WARN_UNUSED_VARIABLE = YES;
				IPHONEOS_DEPLOYMENT_TARGET = 10.2;
				MTL_ENABLE_DEBUG_INFO = YES;
				ONLY_ACTIVE_ARCH = YES;
				SDKROOT = iphoneos;
				SWIFT_ACTIVE_COMPILATION_CONDITIONS = DEBUG;
				SWIFT_OPTIMIZATION_LEVEL = "-Onone";
			};
			name = Debug;
		};
		42CFC4EC1F2C935C0045ABB8 /* Release */ = {
			isa = XCBuildConfiguration;
			buildSettings = {
				ALWAYS_SEARCH_USER_PATHS = NO;
				CLANG_ANALYZER_NONNULL = YES;
				CLANG_CXX_LANGUAGE_STANDARD = "gnu++0x";
				CLANG_CXX_LIBRARY = "libc++";
				CLANG_ENABLE_MODULES = YES;
				CLANG_ENABLE_OBJC_ARC = YES;
				CLANG_WARN_BOOL_CONVERSION = YES;
				CLANG_WARN_CONSTANT_CONVERSION = YES;
				CLANG_WARN_DIRECT_OBJC_ISA_USAGE = YES_ERROR;
				CLANG_WARN_DOCUMENTATION_COMMENTS = YES;
				CLANG_WARN_EMPTY_BODY = YES;
				CLANG_WARN_ENUM_CONVERSION = YES;
				CLANG_WARN_INFINITE_RECURSION = YES;
				CLANG_WARN_INT_CONVERSION = YES;
				CLANG_WARN_OBJC_ROOT_CLASS = YES_ERROR;
				CLANG_WARN_SUSPICIOUS_MOVE = YES;
				CLANG_WARN_UNREACHABLE_CODE = YES;
				CLANG_WARN__DUPLICATE_METHOD_MATCH = YES;
				"CODE_SIGN_IDENTITY[sdk=iphoneos*]" = "iPhone Developer";
				COPY_PHASE_STRIP = NO;
				DEBUG_INFORMATION_FORMAT = "dwarf-with-dsym";
				ENABLE_NS_ASSERTIONS = NO;
				ENABLE_STRICT_OBJC_MSGSEND = YES;
				GCC_C_LANGUAGE_STANDARD = gnu99;
				GCC_NO_COMMON_BLOCKS = YES;
				GCC_WARN_64_TO_32_BIT_CONVERSION = YES;
				GCC_WARN_ABOUT_RETURN_TYPE = YES_ERROR;
				GCC_WARN_UNDECLARED_SELECTOR = YES;
				GCC_WARN_UNINITIALIZED_AUTOS = YES_AGGRESSIVE;
				GCC_WARN_UNUSED_FUNCTION = YES;
				GCC_WARN_UNUSED_VARIABLE = YES;
				IPHONEOS_DEPLOYMENT_TARGET = 10.2;
				MTL_ENABLE_DEBUG_INFO = NO;
				SDKROOT = iphoneos;
				SWIFT_OPTIMIZATION_LEVEL = "-Owholemodule";
				VALIDATE_PRODUCT = YES;
			};
			name = Release;
		};
		42CFC4EE1F2C935C0045ABB8 /* Debug */ = {
			isa = XCBuildConfiguration;
			buildSettings = {
				ASSETCATALOG_COMPILER_APPICON_NAME = AppIcon;
				ASSETCATALOG_COMPILER_LAUNCHIMAGE_NAME = LaunchImage;
				DEVELOPMENT_TEAM = ZZ4GD33LC4;
				INFOPLIST_FILE = BoutTime/Info.plist;
				LD_RUNPATH_SEARCH_PATHS = "$(inherited) @executable_path/Frameworks";
				PRODUCT_BUNDLE_IDENTIFIER = Yuhanli.BoutTime;
				PRODUCT_NAME = "$(TARGET_NAME)";
				SWIFT_VERSION = 3.0;
			};
			name = Debug;
		};
		42CFC4EF1F2C935C0045ABB8 /* Release */ = {
			isa = XCBuildConfiguration;
			buildSettings = {
				ASSETCATALOG_COMPILER_APPICON_NAME = AppIcon;
				ASSETCATALOG_COMPILER_LAUNCHIMAGE_NAME = LaunchImage;
				DEVELOPMENT_TEAM = ZZ4GD33LC4;
				INFOPLIST_FILE = BoutTime/Info.plist;
				LD_RUNPATH_SEARCH_PATHS = "$(inherited) @executable_path/Frameworks";
				PRODUCT_BUNDLE_IDENTIFIER = Yuhanli.BoutTime;
				PRODUCT_NAME = "$(TARGET_NAME)";
				SWIFT_VERSION = 3.0;
			};
			name = Release;
		};
		42CFC4F11F2C935C0045ABB8 /* Debug */ = {
			isa = XCBuildConfiguration;
			buildSettings = {
				ALWAYS_EMBED_SWIFT_STANDARD_LIBRARIES = YES;
				BUNDLE_LOADER = "$(TEST_HOST)";
				INFOPLIST_FILE = BoutTimeTests/Info.plist;
				LD_RUNPATH_SEARCH_PATHS = "$(inherited) @executable_path/Frameworks @loader_path/Frameworks";
				PRODUCT_BUNDLE_IDENTIFIER = Yuhanli.BoutTimeTests;
				PRODUCT_NAME = "$(TARGET_NAME)";
				SWIFT_VERSION = 3.0;
				TEST_HOST = "$(BUILT_PRODUCTS_DIR)/BoutTime.app/BoutTime";
			};
			name = Debug;
		};
		42CFC4F21F2C935C0045ABB8 /* Release */ = {
			isa = XCBuildConfiguration;
			buildSettings = {
				ALWAYS_EMBED_SWIFT_STANDARD_LIBRARIES = YES;
				BUNDLE_LOADER = "$(TEST_HOST)";
				INFOPLIST_FILE = BoutTimeTests/Info.plist;
				LD_RUNPATH_SEARCH_PATHS = "$(inherited) @executable_path/Frameworks @loader_path/Frameworks";
				PRODUCT_BUNDLE_IDENTIFIER = Yuhanli.BoutTimeTests;
				PRODUCT_NAME = "$(TARGET_NAME)";
				SWIFT_VERSION = 3.0;
				TEST_HOST = "$(BUILT_PRODUCTS_DIR)/BoutTime.app/BoutTime";
			};
			name = Release;
		};
		42CFC4F41F2C935C0045ABB8 /* Debug */ = {
			isa = XCBuildConfiguration;
			buildSettings = {
				ALWAYS_EMBED_SWIFT_STANDARD_LIBRARIES = YES;
				INFOPLIST_FILE = BoutTimeUITests/Info.plist;
				LD_RUNPATH_SEARCH_PATHS = "$(inherited) @executable_path/Frameworks @loader_path/Frameworks";
				PRODUCT_BUNDLE_IDENTIFIER = Yuhanli.BoutTimeUITests;
				PRODUCT_NAME = "$(TARGET_NAME)";
				SWIFT_VERSION = 3.0;
				TEST_TARGET_NAME = BoutTime;
			};
			name = Debug;
		};
		42CFC4F51F2C935C0045ABB8 /* Release */ = {
			isa = XCBuildConfiguration;
			buildSettings = {
				ALWAYS_EMBED_SWIFT_STANDARD_LIBRARIES = YES;
				INFOPLIST_FILE = BoutTimeUITests/Info.plist;
				LD_RUNPATH_SEARCH_PATHS = "$(inherited) @executable_path/Frameworks @loader_path/Frameworks";
				PRODUCT_BUNDLE_IDENTIFIER = Yuhanli.BoutTimeUITests;
				PRODUCT_NAME = "$(TARGET_NAME)";
				SWIFT_VERSION = 3.0;
				TEST_TARGET_NAME = BoutTime;
			};
			name = Release;
		};
/* End XCBuildConfiguration section */

/* Begin XCConfigurationList section */
		42CFC4C01F2C935C0045ABB8 /* Build configuration list for PBXProject "BoutTime" */ = {
			isa = XCConfigurationList;
			buildConfigurations = (
				42CFC4EB1F2C935C0045ABB8 /* Debug */,
				42CFC4EC1F2C935C0045ABB8 /* Release */,
			);
			defaultConfigurationIsVisible = 0;
			defaultConfigurationName = Release;
		};
		42CFC4ED1F2C935C0045ABB8 /* Build configuration list for PBXNativeTarget "BoutTime" */ = {
			isa = XCConfigurationList;
			buildConfigurations = (
				42CFC4EE1F2C935C0045ABB8 /* Debug */,
				42CFC4EF1F2C935C0045ABB8 /* Release */,
			);
			defaultConfigurationIsVisible = 0;
			defaultConfigurationName = Release;
		};
		42CFC4F01F2C935C0045ABB8 /* Build configuration list for PBXNativeTarget "BoutTimeTests" */ = {
			isa = XCConfigurationList;
			buildConfigurations = (
				42CFC4F11F2C935C0045ABB8 /* Debug */,
				42CFC4F21F2C935C0045ABB8 /* Release */,
			);
			defaultConfigurationIsVisible = 0;
			defaultConfigurationName = Release;
		};
		42CFC4F31F2C935C0045ABB8 /* Build configuration list for PBXNativeTarget "BoutTimeUITests" */ = {
			isa = XCConfigurationList;
			buildConfigurations = (
				42CFC4F41F2C935C0045ABB8 /* Debug */,
				42CFC4F51F2C935C0045ABB8 /* Release */,
			);
			defaultConfigurationIsVisible = 0;
			defaultConfigurationName = Release;
		};
/* End XCConfigurationList section */

/* Begin XCVersionGroup section */
		4295A7231F32D1D800B26AEA /* Model.xcdatamodeld */ = {
			isa = XCVersionGroup;
			children = (
				4295A7241F32D1D800B26AEA /* Model.xcdatamodel */,
			);
			currentVersion = 4295A7241F32D1D800B26AEA /* Model.xcdatamodel */;
			path = Model.xcdatamodeld;
			sourceTree = "<group>";
			versionGroupType = wrapper.xcdatamodel;
		};
/* End XCVersionGroup section */
	};
	rootObject = 42CFC4BD1F2C935C0045ABB8 /* Project object */;
}
